
Microsoft Visual Studio Solution File, Format Version 12.00
# Visual Studio Version 17
VisualStudioVersion = 17.14.37012.4 d17.14
MinimumVisualStudioVersion = 10.0.40219.1
Project("{FAE04EC0-301F-11D3-BF4B-00C04F79EFBC}") = "Aluno_Prof", "Aluno_Prof\Aluno_Prof.csproj", "{9494D013-0FF4-4C90-A099-FDF21721BAB7}"
EndProject
Global
	GlobalSection(SolutionConfigurationPlatforms) = preSolution
		Debug|Any CPU = Debug|Any CPU
		Release|Any CPU = Release|Any CPU
	EndGlobalSection
	GlobalSection(ProjectConfigurationPlatforms) = postSolution
		{9494D013-0FF4-4C90-A099-FDF21721BAB7}.Debug|Any CPU.ActiveCfg = Debug|Any CPU
		{9494D013-0FF4-4C90-A099-FDF21721BAB7}.Debug|Any CPU.Build.0 = Debug|Any CPU
		{9494D013-0FF4-4C90-A099-FDF21721BAB7}.Release|Any CPU.ActiveCfg = Release|Any CPU
		{9494D013-0FF4-4C90-A099-FDF21721BAB7}.Release|Any CPU.Build.0 = Release|Any CPU
	EndGlobalSection
	GlobalSection(SolutionProperties) = preSolution
		HideSolutionNode = FALSE
	EndGlobalSection
	GlobalSection(ExtensibilityGlobals) = postSolution
		SolutionGuid = {6790185E-BDD8-4B90-A14F-5E0F58365695}
	EndGlobalSection
EndGlobal
