Microsoft Visual Studio Solution File, Format Version 12.00
# Visual Studio Version 17
VisualStudioVersion = 17.5.2.0
MinimumVisualStudioVersion = 10.0.40219.1
Project("{2150E333-8FDC-42A3-9474-1A3956D46DE8}") = "Ex2", "Ex2", "{57C05393-EA01-276C-A121-DF2CA30E5E9D}"
EndProject
Project("{FAE04EC0-301F-11D3-BF4B-00C04F79EFBC}") = "Array2D", "Ex2\Array2D.csproj", "{4307FD57-F509-EC7A-6CC7-DA6B078D0380}"
EndProject
Global
	GlobalSection(SolutionConfigurationPlatforms) = preSolution
		Debug|Any CPU = Debug|Any CPU
		Release|Any CPU = Release|Any CPU
	EndGlobalSection
	GlobalSection(ProjectConfigurationPlatforms) = postSolution
		{4307FD57-F509-EC7A-6CC7-DA6B078D0380}.Debug|Any CPU.ActiveCfg = Debug|Any CPU
		{4307FD57-F509-EC7A-6CC7-DA6B078D0380}.Debug|Any CPU.Build.0 = Debug|Any CPU
		{4307FD57-F509-EC7A-6CC7-DA6B078D0380}.Release|Any CPU.ActiveCfg = Release|Any CPU
		{4307FD57-F509-EC7A-6CC7-DA6B078D0380}.Release|Any CPU.Build.0 = Release|Any CPU
	EndGlobalSection
	GlobalSection(SolutionProperties) = preSolution
		HideSolutionNode = FALSE
	EndGlobalSection
	GlobalSection(NestedProjects) = preSolution
		{4307FD57-F509-EC7A-6CC7-DA6B078D0380} = {57C05393-EA01-276C-A121-DF2CA30E5E9D}
	EndGlobalSection
	GlobalSection(ExtensibilityGlobals) = postSolution
		SolutionGuid = {13C7DECC-8B9F-4FC4-976F-96822AD9A147}
	EndGlobalSection
EndGlobal
