
Microsoft Visual Studio Solution File, Format Version 12.00
# Visual Studio Version 17
VisualStudioVersion = 17.14.36414.22 d17.14
MinimumVisualStudioVersion = 10.0.40219.1
Project("{FAE04EC0-301F-11D3-BF4B-00C04F79EFBC}") = "HashSetExemplo2", "HashSetExemplo2\HashSetExemplo2.csproj", "{4DA3F2A5-6F60-4B60-89B6-7752D8213C28}"
EndProject
Global
	GlobalSection(SolutionConfigurationPlatforms) = preSolution
		Debug|Any CPU = Debug|Any CPU
		Release|Any CPU = Release|Any CPU
	EndGlobalSection
	GlobalSection(ProjectConfigurationPlatforms) = postSolution
		{4DA3F2A5-6F60-4B60-89B6-7752D8213C28}.Debug|Any CPU.ActiveCfg = Debug|Any CPU
		{4DA3F2A5-6F60-4B60-89B6-7752D8213C28}.Debug|Any CPU.Build.0 = Debug|Any CPU
		{4DA3F2A5-6F60-4B60-89B6-7752D8213C28}.Release|Any CPU.ActiveCfg = Release|Any CPU
		{4DA3F2A5-6F60-4B60-89B6-7752D8213C28}.Release|Any CPU.Build.0 = Release|Any CPU
	EndGlobalSection
	GlobalSection(SolutionProperties) = preSolution
		HideSolutionNode = FALSE
	EndGlobalSection
	GlobalSection(ExtensibilityGlobals) = postSolution
		SolutionGuid = {56008F34-D068-4FC5-B4F7-D0FD21756E49}
	EndGlobalSection
EndGlobal
