
Microsoft Visual Studio Solution File, Format Version 12.00
# Visual Studio Version 17
VisualStudioVersion = 17.14.36414.22 d17.14
MinimumVisualStudioVersion = 10.0.40219.1
Project("{FAE04EC0-301F-11D3-BF4B-00C04F79EFBC}") = "DelegatesExemplo", "DelegatesExemplo\DelegatesExemplo.csproj", "{19519B1D-F59B-4542-80C8-3CA4B972AC1F}"
EndProject
Global
	GlobalSection(SolutionConfigurationPlatforms) = preSolution
		Debug|Any CPU = Debug|Any CPU
		Release|Any CPU = Release|Any CPU
	EndGlobalSection
	GlobalSection(ProjectConfigurationPlatforms) = postSolution
		{19519B1D-F59B-4542-80C8-3CA4B972AC1F}.Debug|Any CPU.ActiveCfg = Debug|Any CPU
		{19519B1D-F59B-4542-80C8-3CA4B972AC1F}.Debug|Any CPU.Build.0 = Debug|Any CPU
		{19519B1D-F59B-4542-80C8-3CA4B972AC1F}.Release|Any CPU.ActiveCfg = Release|Any CPU
		{19519B1D-F59B-4542-80C8-3CA4B972AC1F}.Release|Any CPU.Build.0 = Release|Any CPU
	EndGlobalSection
	GlobalSection(SolutionProperties) = preSolution
		HideSolutionNode = FALSE
	EndGlobalSection
	GlobalSection(ExtensibilityGlobals) = postSolution
		SolutionGuid = {BC00A392-A6D4-49EE-9989-FBD8E7FB4F68}
	EndGlobalSection
EndGlobal
