
Microsoft Visual Studio Solution File, Format Version 12.00
# Visual Studio Version 17
VisualStudioVersion = 17.14.36414.22
MinimumVisualStudioVersion = 10.0.40219.1
Project("{FAE04EC0-301F-11D3-BF4B-00C04F79EFBC}") = "File_FileInfo", "Aquivos\File_FileInfo.csproj", "{4BE67828-1D26-4931-81C7-229BB8CEB780}"
EndProject
Global
	GlobalSection(SolutionConfigurationPlatforms) = preSolution
		Debug|Any CPU = Debug|Any CPU
		Release|Any CPU = Release|Any CPU
	EndGlobalSection
	GlobalSection(ProjectConfigurationPlatforms) = postSolution
		{4BE67828-1D26-4931-81C7-229BB8CEB780}.Debug|Any CPU.ActiveCfg = Debug|Any CPU
		{4BE67828-1D26-4931-81C7-229BB8CEB780}.Debug|Any CPU.Build.0 = Debug|Any CPU
		{4BE67828-1D26-4931-81C7-229BB8CEB780}.Release|Any CPU.ActiveCfg = Release|Any CPU
		{4BE67828-1D26-4931-81C7-229BB8CEB780}.Release|Any CPU.Build.0 = Release|Any CPU
	EndGlobalSection
	GlobalSection(SolutionProperties) = preSolution
		HideSolutionNode = FALSE
	EndGlobalSection
	GlobalSection(ExtensibilityGlobals) = postSolution
		SolutionGuid = {02F1F81F-7464-4A62-909D-74EC2E2E2A79}
	EndGlobalSection
EndGlobal
