
Microsoft Visual Studio Solution File, Format Version 12.00
# Visual Studio Version 17
VisualStudioVersion = 17.14.36414.22 d17.14
MinimumVisualStudioVersion = 10.0.40219.1
Project("{FAE04EC0-301F-11D3-BF4B-00C04F79EFBC}") = "GHC_Equals", "GHC_Equals\GHC_Equals.csproj", "{0E59106F-C081-4EFF-BE90-79423CDDAB38}"
EndProject
Global
	GlobalSection(SolutionConfigurationPlatforms) = preSolution
		Debug|Any CPU = Debug|Any CPU
		Release|Any CPU = Release|Any CPU
	EndGlobalSection
	GlobalSection(ProjectConfigurationPlatforms) = postSolution
		{0E59106F-C081-4EFF-BE90-79423CDDAB38}.Debug|Any CPU.ActiveCfg = Debug|Any CPU
		{0E59106F-C081-4EFF-BE90-79423CDDAB38}.Debug|Any CPU.Build.0 = Debug|Any CPU
		{0E59106F-C081-4EFF-BE90-79423CDDAB38}.Release|Any CPU.ActiveCfg = Release|Any CPU
		{0E59106F-C081-4EFF-BE90-79423CDDAB38}.Release|Any CPU.Build.0 = Release|Any CPU
	EndGlobalSection
	GlobalSection(SolutionProperties) = preSolution
		HideSolutionNode = FALSE
	EndGlobalSection
	GlobalSection(ExtensibilityGlobals) = postSolution
		SolutionGuid = {D42C2FCA-B768-4BC1-A39F-7DA2291EE4E5}
	EndGlobalSection
EndGlobal
