
Microsoft Visual Studio Solution File, Format Version 12.00
# Visual Studio Version 17
VisualStudioVersion = 17.14.36414.22 d17.14
MinimumVisualStudioVersion = 10.0.40219.1
Project("{FAE04EC0-301F-11D3-BF4B-00C04F79EFBC}") = "LINQ_Exemplo", "LINQ_Exemplo\LINQ_Exemplo.csproj", "{7ADF2399-C59E-47BA-B5D0-FBA75BAA7226}"
EndProject
Global
	GlobalSection(SolutionConfigurationPlatforms) = preSolution
		Debug|Any CPU = Debug|Any CPU
		Release|Any CPU = Release|Any CPU
	EndGlobalSection
	GlobalSection(ProjectConfigurationPlatforms) = postSolution
		{7ADF2399-C59E-47BA-B5D0-FBA75BAA7226}.Debug|Any CPU.ActiveCfg = Debug|Any CPU
		{7ADF2399-C59E-47BA-B5D0-FBA75BAA7226}.Debug|Any CPU.Build.0 = Debug|Any CPU
		{7ADF2399-C59E-47BA-B5D0-FBA75BAA7226}.Release|Any CPU.ActiveCfg = Release|Any CPU
		{7ADF2399-C59E-47BA-B5D0-FBA75BAA7226}.Release|Any CPU.Build.0 = Release|Any CPU
	EndGlobalSection
	GlobalSection(SolutionProperties) = preSolution
		HideSolutionNode = FALSE
	EndGlobalSection
	GlobalSection(ExtensibilityGlobals) = postSolution
		SolutionGuid = {E90BBCE4-B2D1-4813-9D08-809B9C8F358A}
	EndGlobalSection
EndGlobal
